
Microsoft Visual Studio Solution File, Format Version 12.00
# Visual Studio Version 17
VisualStudioVersion = 17.5.33502.453
MinimumVisualStudioVersion = 10.0.40219.1
Project("{FAE04EC0-301F-11D3-BF4B-00C04F79EFBC}") = "Mission13API", "Mission13API.csproj", "{8864E0E8-4EFC-464F-925C-4004E3CC172B}"
EndProject
Global
	GlobalSection(SolutionConfigurationPlatforms) = preSolution
		Debug|Any CPU = Debug|Any CPU
		Release|Any CPU = Release|Any CPU
	EndGlobalSection
	GlobalSection(ProjectConfigurationPlatforms) = postSolution
		{8864E0E8-4EFC-464F-925C-4004E3CC172B}.Debug|Any CPU.ActiveCfg = Debug|Any CPU
		{8864E0E8-4EFC-464F-925C-4004E3CC172B}.Debug|Any CPU.Build.0 = Debug|Any CPU
		{8864E0E8-4EFC-464F-925C-4004E3CC172B}.Release|Any CPU.ActiveCfg = Release|Any CPU
		{8864E0E8-4EFC-464F-925C-4004E3CC172B}.Release|Any CPU.Build.0 = Release|Any CPU
	EndGlobalSection
	GlobalSection(SolutionProperties) = preSolution
		HideSolutionNode = FALSE
	EndGlobalSection
	GlobalSection(ExtensibilityGlobals) = postSolution
		SolutionGuid = {26EF5C28-5647-470B-A299-110A867601EF}
	EndGlobalSection
EndGlobal
